
Microsoft Visual Studio Solution File, Format Version 12.00
# Visual Studio 15
VisualStudioVersion = 15.0.27004.2002
MinimumVisualStudioVersion = 10.0.40219.1
Project("{FAE04EC0-301F-11D3-BF4B-00C04F79EFBC}") = "科技计划项目档案数据采集管理系统", "科技计划项目档案数据采集管理系统\科技计划项目档案数据采集管理系统.csproj", "{F603A398-0EB1-4FF7-BD65-EA24FB68F389}"
EndProject
Project("{54435603-DBB4-11D2-8724-00A0C9A8B90C}") = "ISTIC_IMP", "..\ISTIC_IMP\ISTIC_IMP.vdproj", "{C2C45641-C982-433A-9DC9-00EC4BB26587}"
EndProject
Global
	GlobalSection(SolutionConfigurationPlatforms) = preSolution
		Debug|Any CPU = Debug|Any CPU
		Debug|x86 = Debug|x86
		Release|Any CPU = Release|Any CPU
		Release|x86 = Release|x86
	EndGlobalSection
	GlobalSection(ProjectConfigurationPlatforms) = postSolution
		{F603A398-0EB1-4FF7-BD65-EA24FB68F389}.Debug|Any CPU.ActiveCfg = Debug|Any CPU
		{F603A398-0EB1-4FF7-BD65-EA24FB68F389}.Debug|Any CPU.Build.0 = Debug|Any CPU
		{F603A398-0EB1-4FF7-BD65-EA24FB68F389}.Debug|x86.ActiveCfg = Debug|x86
		{F603A398-0EB1-4FF7-BD65-EA24FB68F389}.Debug|x86.Build.0 = Debug|x86
		{F603A398-0EB1-4FF7-BD65-EA24FB68F389}.Release|Any CPU.ActiveCfg = Release|Any CPU
		{F603A398-0EB1-4FF7-BD65-EA24FB68F389}.Release|Any CPU.Build.0 = Release|Any CPU
		{F603A398-0EB1-4FF7-BD65-EA24FB68F389}.Release|x86.ActiveCfg = Release|Any CPU
		{F603A398-0EB1-4FF7-BD65-EA24FB68F389}.Release|x86.Build.0 = Release|Any CPU
		{C2C45641-C982-433A-9DC9-00EC4BB26587}.Debug|Any CPU.ActiveCfg = Debug
		{C2C45641-C982-433A-9DC9-00EC4BB26587}.Debug|x86.ActiveCfg = Debug
		{C2C45641-C982-433A-9DC9-00EC4BB26587}.Release|Any CPU.ActiveCfg = Release
		{C2C45641-C982-433A-9DC9-00EC4BB26587}.Release|x86.ActiveCfg = Release
	EndGlobalSection
	GlobalSection(SolutionProperties) = preSolution
		HideSolutionNode = FALSE
	EndGlobalSection
	GlobalSection(ExtensibilityGlobals) = postSolution
		SolutionGuid = {A1CB44F2-CEF9-404C-9DDF-5FAFF94DF7D6}
	EndGlobalSection
EndGlobal
